{
  "version": "5",
  "specifiers": {
    "jsr:@deno/cache-dir@~0.26.1": "0.26.1",
    "jsr:@deno/graph@0.86": "0.86.9",
    "jsr:@http/host-deno-local@0.27": "0.27.0",
    "jsr:@http/interceptor@0.27": "0.27.0",
    "jsr:@http/response@0.27": "0.27.0",
    "jsr:@http/route@0.27": "0.27.0",
    "jsr:@std/assert@^1.0.16": "1.0.16",
    "jsr:@std/bytes@^1.0.5": "1.0.6",
    "jsr:@std/fmt@^1.0.3": "1.0.8",
    "jsr:@std/fs@^1.0.6": "1.0.19",
    "jsr:@std/internal@^1.0.10": "1.0.12",
    "jsr:@std/internal@^1.0.12": "1.0.12",
    "jsr:@std/io@0.225": "0.225.2",
    "jsr:@std/net@^1.0.6": "1.0.6",
    "jsr:@std/path@^1.0.8": "1.1.2",
    "jsr:@std/ulid@1": "1.0.0"
  },
  "jsr": {
    "@deno/cache-dir@0.26.1": {
      "integrity": "f63ab5e9dfd1a432b40c027d5f83599d163f1503baf4834731e3941a52e72bc5",
      "dependencies": [
        "jsr:@deno/graph",
        "jsr:@std/fmt",
        "jsr:@std/fs",
        "jsr:@std/io",
        "jsr:@std/path"
      ]
    },
    "@deno/graph@0.86.9": {
      "integrity": "c4f353a695bcc5246c099602977dabc6534eacea9999a35a8cb24e807192e6a1"
    },
    "@http/host-deno-local@0.27.0": {
      "integrity": "b21becec7b2e7fbeba17041c41c882c92231bef0e2ab6aab4d0bffd36858bfee",
      "dependencies": [
        "jsr:@http/interceptor",
        "jsr:@http/route",
        "jsr:@std/net"
      ]
    },
    "@http/interceptor@0.27.0": {
      "integrity": "ace00f826cfad864eb6b4c06100f17c0e5d60205f4a68e4fd9f4127c4f0c2dac"
    },
    "@http/response@0.27.0": {
      "integrity": "9c6eeaba16bae291b4d2ed884eec051f5b96874d661254c4f226d1c75f577f65"
    },
    "@http/route@0.27.0": {
      "integrity": "dc6ef2d2c5ef2d12c3dba97796d19d2f7f919bfed2bf535768876bfb70e82800",
      "dependencies": [
        "jsr:@http/response"
      ]
    },
    "@std/assert@1.0.16": {
      "integrity": "6a7272ed1eaa77defe76e5ff63ca705d9c495077e2d5fd0126d2b53fc5bd6532",
      "dependencies": [
        "jsr:@std/internal@^1.0.12"
      ]
    },
    "@std/bytes@1.0.6": {
      "integrity": "f6ac6adbd8ccd99314045f5703e23af0a68d7f7e58364b47d2c7f408aeb5820a"
    },
    "@std/fmt@1.0.8": {
      "integrity": "71e1fc498787e4434d213647a6e43e794af4fd393ef8f52062246e06f7e372b7"
    },
    "@std/fs@1.0.19": {
      "integrity": "051968c2b1eae4d2ea9f79a08a3845740ef6af10356aff43d3e2ef11ed09fb06"
    },
    "@std/internal@1.0.12": {
      "integrity": "972a634fd5bc34b242024402972cd5143eac68d8dffaca5eaa4dba30ce17b027"
    },
    "@std/io@0.225.2": {
      "integrity": "3c740cd4ee4c082e6cfc86458f47e2ab7cb353dc6234d5e9b1f91a2de5f4d6c7",
      "dependencies": [
        "jsr:@std/bytes"
      ]
    },
    "@std/net@1.0.6": {
      "integrity": "110735f93e95bb9feb95790a8b1d1bf69ec0dc74f3f97a00a76ea5efea25500c"
    },
    "@std/path@1.1.2": {
      "integrity": "c0b13b97dfe06546d5e16bf3966b1cadf92e1cc83e56ba5476ad8b498d9e3038",
      "dependencies": [
        "jsr:@std/internal@^1.0.10"
      ]
    },
    "@std/ulid@1.0.0": {
      "integrity": "d41c3d27a907714413649fee864b7cde8d42ee68437d22b79d5de4f81d808780"
    }
  },
  "workspace": {
    "dependencies": [
      "jsr:@deno/cache-dir@~0.26.1",
      "jsr:@http/host-deno-local@0.27",
      "jsr:@std/assert@^1.0.16",
      "jsr:@std/ulid@1"
    ]
  }
}
